{
  "version": 4,
  "terraform_version": "1.11.4",
  "serial": 5,
  "lineage": "f9939d11-4ced-3de9-3abf-80f242ddfd55",
  "outputs": {
    "bucket_name": {
      "value": "mywebapp-bucket-361791954fa807dad949",
      "type": "string"
    }
  },
  "resources": [
    {
      "mode": "managed",
      "type": "random_id",
      "name": "rand_id",
      "provider": "provider[\"registry.terraform.io/hashicorp/random\"]",
      "instances": [
        {
          "schema_version": 0,
          "attributes": {
            "b64_std": "NheRlU+oB9rZSQ==",
            "b64_url": "NheRlU-oB9rZSQ",
            "byte_length": 10,
            "dec": "255442555567146295548233",
            "hex": "361791954fa807dad949",
            "id": "NheRlU-oB9rZSQ",
            "keepers": null,
            "prefix": null
          },
          "sensitive_attributes": []
        }
      ]
    }
  ],
  "check_results": null
}
